// !$*UTF8*$!
{
	archiveVersion = 1;
	classes = {
	};
	objectVersion = 55;
	objects = {

/* Begin PBXBuildFile section */
		EF52561A29826B3D000CE9A8 /* AppDelegate.swift in Sources */ = {isa = PBXBuildFile; fileRef = EF52561929826B3D000CE9A8 /* AppDelegate.swift */; };
		EF52561C29826B3D000CE9A8 /* SceneDelegate.swift in Sources */ = {isa = PBXBuildFile; fileRef = EF52561B29826B3D000CE9A8 /* SceneDelegate.swift */; };
		EF52561E29826B3D000CE9A8 /* ViewController.swift in Sources */ = {isa = PBXBuildFile; fileRef = EF52561D29826B3D000CE9A8 /* ViewController.swift */; };
		EF52562129826B3D000CE9A8 /* Main.storyboard in Resources */ = {isa = PBXBuildFile; fileRef = EF52561F29826B3D000CE9A8 /* Main.storyboard */; };
		EF52562329826B3E000CE9A8 /* Assets.xcassets in Resources */ = {isa = PBXBuildFile; fileRef = EF52562229826B3E000CE9A8 /* Assets.xcassets */; };
		EF52562629826B3E000CE9A8 /* LaunchScreen.storyboard in Resources */ = {isa = PBXBuildFile; fileRef = EF52562429826B3E000CE9A8 /* LaunchScreen.storyboard */; };
		EF52563129826B3F000CE9A8 /* MusicPlayerTests.swift in Sources */ = {isa = PBXBuildFile; fileRef = EF52563029826B3F000CE9A8 /* MusicPlayerTests.swift */; };
		EF52563B29826B3F000CE9A8 /* MusicPlayerUITests.swift in Sources */ = {isa = PBXBuildFile; fileRef = EF52563A29826B3F000CE9A8 /* MusicPlayerUITests.swift */; };
		EF52563D29826B3F000CE9A8 /* MusicPlayerUITestsLaunchTests.swift in Sources */ = {isa = PBXBuildFile; fileRef = EF52563C29826B3F000CE9A8 /* MusicPlayerUITestsLaunchTests.swift */; };
		EFB69C7A298E613D001E4442 /* PlayerViewController.swift in Sources */ = {isa = PBXBuildFile; fileRef = EFB69C79298E613D001E4442 /* PlayerViewController.swift */; };
		EFB69C7E298E6284001E4442 /* UIView+Extension.swift in Sources */ = {isa = PBXBuildFile; fileRef = EFB69C7D298E6284001E4442 /* UIView+Extension.swift */; };
		EFB69C80298E6E9A001E4442 /* AudioService.swift in Sources */ = {isa = PBXBuildFile; fileRef = EFB69C7F298E6E9A001E4442 /* AudioService.swift */; };
		EFB69C82298E81A2001E4442 /* ResumableTimer.swift in Sources */ = {isa = PBXBuildFile; fileRef = EFB69C81298E81A2001E4442 /* ResumableTimer.swift */; };
/* End PBXBuildFile section */

/* Begin PBXContainerItemProxy section */
		EF52562D29826B3F000CE9A8 /* PBXContainerItemProxy */ = {
			isa = PBXContainerItemProxy;
			containerPortal = EF52560E29826B3D000CE9A8 /* Project object */;
			proxyType = 1;
			remoteGlobalIDString = EF52561529826B3D000CE9A8;
			remoteInfo = MusicPlayer;
		};
		EF52563729826B3F000CE9A8 /* PBXContainerItemProxy */ = {
			isa = PBXContainerItemProxy;
			containerPortal = EF52560E29826B3D000CE9A8 /* Project object */;
			proxyType = 1;
			remoteGlobalIDString = EF52561529826B3D000CE9A8;
			remoteInfo = MusicPlayer;
		};
/* End PBXContainerItemProxy section */

/* Begin PBXFileReference section */
		EF52561629826B3D000CE9A8 /* MusicPlayer.app */ = {isa = PBXFileReference; explicitFileType = wrapper.application; includeInIndex = 0; path = MusicPlayer.app; sourceTree = BUILT_PRODUCTS_DIR; };
		EF52561929826B3D000CE9A8 /* AppDelegate.swift */ = {isa = PBXFileReference; lastKnownFileType = sourcecode.swift; path = AppDelegate.swift; sourceTree = "<group>"; };
		EF52561B29826B3D000CE9A8 /* SceneDelegate.swift */ = {isa = PBXFileReference; lastKnownFileType = sourcecode.swift; path = SceneDelegate.swift; sourceTree = "<group>"; };
		EF52561D29826B3D000CE9A8 /* ViewController.swift */ = {isa = PBXFileReference; lastKnownFileType = sourcecode.swift; path = ViewController.swift; sourceTree = "<group>"; };
		EF52562029826B3D000CE9A8 /* Base */ = {isa = PBXFileReference; lastKnownFileType = file.storyboard; name = Base; path = Base.lproj/Main.storyboard; sourceTree = "<group>"; };
		EF52562229826B3E000CE9A8 /* Assets.xcassets */ = {isa = PBXFileReference; lastKnownFileType = folder.assetcatalog; path = Assets.xcassets; sourceTree = "<group>"; };
		EF52562529826B3E000CE9A8 /* Base */ = {isa = PBXFileReference; lastKnownFileType = file.storyboard; name = Base; path = Base.lproj/LaunchScreen.storyboard; sourceTree = "<group>"; };
		EF52562729826B3E000CE9A8 /* Info.plist */ = {isa = PBXFileReference; lastKnownFileType = text.plist.xml; path = Info.plist; sourceTree = "<group>"; };
		EF52562C29826B3F000CE9A8 /* MusicPlayerTests.xctest */ = {isa = PBXFileReference; explicitFileType = wrapper.cfbundle; includeInIndex = 0; path = MusicPlayerTests.xctest; sourceTree = BUILT_PRODUCTS_DIR; };
		EF52563029826B3F000CE9A8 /* MusicPlayerTests.swift */ = {isa = PBXFileReference; lastKnownFileType = sourcecode.swift; path = MusicPlayerTests.swift; sourceTree = "<group>"; };
		EF52563629826B3F000CE9A8 /* MusicPlayerUITests.xctest */ = {isa = PBXFileReference; explicitFileType = wrapper.cfbundle; includeInIndex = 0; path = MusicPlayerUITests.xctest; sourceTree = BUILT_PRODUCTS_DIR; };
		EF52563A29826B3F000CE9A8 /* MusicPlayerUITests.swift */ = {isa = PBXFileReference; lastKnownFileType = sourcecode.swift; path = MusicPlayerUITests.swift; sourceTree = "<group>"; };
		EF52563C29826B3F000CE9A8 /* MusicPlayerUITestsLaunchTests.swift */ = {isa = PBXFileReference; lastKnownFileType = sourcecode.swift; path = MusicPlayerUITestsLaunchTests.swift; sourceTree = "<group>"; };
		EFB69C79298E613D001E4442 /* PlayerViewController.swift */ = {isa = PBXFileReference; lastKnownFileType = sourcecode.swift; path = PlayerViewController.swift; sourceTree = "<group>"; };
		EFB69C7D298E6284001E4442 /* UIView+Extension.swift */ = {isa = PBXFileReference; lastKnownFileType = sourcecode.swift; path = "UIView+Extension.swift"; sourceTree = "<group>"; };
		EFB69C7F298E6E9A001E4442 /* AudioService.swift */ = {isa = PBXFileReference; lastKnownFileType = sourcecode.swift; path = AudioService.swift; sourceTree = "<group>"; };
		EFB69C81298E81A2001E4442 /* ResumableTimer.swift */ = {isa = PBXFileReference; lastKnownFileType = sourcecode.swift; path = ResumableTimer.swift; sourceTree = "<group>"; };
/* End PBXFileReference section */

/* Begin PBXFrameworksBuildPhase section */
		EF52561329826B3D000CE9A8 /* Frameworks */ = {
			isa = PBXFrameworksBuildPhase;
			buildActionMask = 2147483647;
			files = (
			);
			runOnlyForDeploymentPostprocessing = 0;
		};
		EF52562929826B3F000CE9A8 /* Frameworks */ = {
			isa = PBXFrameworksBuildPhase;
			buildActionMask = 2147483647;
			files = (
			);
			runOnlyForDeploymentPostprocessing = 0;
		};
		EF52563329826B3F000CE9A8 /* Frameworks */ = {
			isa = PBXFrameworksBuildPhase;
			buildActionMask = 2147483647;
			files = (
			);
			runOnlyForDeploymentPostprocessing = 0;
		};
/* End PBXFrameworksBuildPhase section */

/* Begin PBXGroup section */
		EF52560D29826B3D000CE9A8 = {
			isa = PBXGroup;
			children = (
				EF52561829826B3D000CE9A8 /* MusicPlayer */,
				EF52562F29826B3F000CE9A8 /* MusicPlayerTests */,
				EF52563929826B3F000CE9A8 /* MusicPlayerUITests */,
				EF52561729826B3D000CE9A8 /* Products */,
			);
			sourceTree = "<group>";
		};
		EF52561729826B3D000CE9A8 /* Products */ = {
			isa = PBXGroup;
			children = (
				EF52561629826B3D000CE9A8 /* MusicPlayer.app */,
				EF52562C29826B3F000CE9A8 /* MusicPlayerTests.xctest */,
				EF52563629826B3F000CE9A8 /* MusicPlayerUITests.xctest */,
			);
			name = Products;
			sourceTree = "<group>";
		};
		EF52561829826B3D000CE9A8 /* MusicPlayer */ = {
			isa = PBXGroup;
			children = (
				EFB69C7B298E6257001E4442 /* Utility */,
				EF8AEF0129826EB4002EF1BE /* Scenes */,
				EF8AEF0029826BDF002EF1BE /* AppDelegate */,
				EF8AEEFF29826BA8002EF1BE /* Resources */,
				EF52562729826B3E000CE9A8 /* Info.plist */,
			);
			path = MusicPlayer;
			sourceTree = "<group>";
		};
		EF52562F29826B3F000CE9A8 /* MusicPlayerTests */ = {
			isa = PBXGroup;
			children = (
				EF52563029826B3F000CE9A8 /* MusicPlayerTests.swift */,
			);
			path = MusicPlayerTests;
			sourceTree = "<group>";
		};
		EF52563929826B3F000CE9A8 /* MusicPlayerUITests */ = {
			isa = PBXGroup;
			children = (
				EF52563A29826B3F000CE9A8 /* MusicPlayerUITests.swift */,
				EF52563C29826B3F000CE9A8 /* MusicPlayerUITestsLaunchTests.swift */,
			);
			path = MusicPlayerUITests;
			sourceTree = "<group>";
		};
		EF8AEEFF29826BA8002EF1BE /* Resources */ = {
			isa = PBXGroup;
			children = (
				EF52562229826B3E000CE9A8 /* Assets.xcassets */,
			);
			path = Resources;
			sourceTree = "<group>";
		};
		EF8AEF0029826BDF002EF1BE /* AppDelegate */ = {
			isa = PBXGroup;
			children = (
				EF52561929826B3D000CE9A8 /* AppDelegate.swift */,
				EF52561B29826B3D000CE9A8 /* SceneDelegate.swift */,
			);
			path = AppDelegate;
			sourceTree = "<group>";
		};
		EF8AEF0129826EB4002EF1BE /* Scenes */ = {
			isa = PBXGroup;
			children = (
				EF52561F29826B3D000CE9A8 /* Main.storyboard */,
				EF52562429826B3E000CE9A8 /* LaunchScreen.storyboard */,
				EF52561D29826B3D000CE9A8 /* ViewController.swift */,
				EFB69C79298E613D001E4442 /* PlayerViewController.swift */,
			);
			path = Scenes;
			sourceTree = "<group>";
		};
		EFB69C7B298E6257001E4442 /* Utility */ = {
			isa = PBXGroup;
			children = (
				EFB69C7C298E625F001E4442 /* Extension */,
				EFB69C7F298E6E9A001E4442 /* AudioService.swift */,
				EFB69C81298E81A2001E4442 /* ResumableTimer.swift */,
			);
			path = Utility;
			sourceTree = "<group>";
		};
		EFB69C7C298E625F001E4442 /* Extension */ = {
			isa = PBXGroup;
			children = (
				EFB69C7D298E6284001E4442 /* UIView+Extension.swift */,
			);
			path = Extension;
			sourceTree = "<group>";
		};
/* End PBXGroup section */

/* Begin PBXNativeTarget section */
		EF52561529826B3D000CE9A8 /* MusicPlayer */ = {
			isa = PBXNativeTarget;
			buildConfigurationList = EF52564029826B3F000CE9A8 /* Build configuration list for PBXNativeTarget "MusicPlayer" */;
			buildPhases = (
				EF52561229826B3D000CE9A8 /* Sources */,
				EF52561329826B3D000CE9A8 /* Frameworks */,
				EF52561429826B3D000CE9A8 /* Resources */,
			);
			buildRules = (
			);
			dependencies = (
			);
			name = MusicPlayer;
			productName = MusicPlayer;
			productReference = EF52561629826B3D000CE9A8 /* MusicPlayer.app */;
			productType = "com.apple.product-type.application";
		};
		EF52562B29826B3F000CE9A8 /* MusicPlayerTests */ = {
			isa = PBXNativeTarget;
			buildConfigurationList = EF52564329826B3F000CE9A8 /* Build configuration list for PBXNativeTarget "MusicPlayerTests" */;
			buildPhases = (
				EF52562829826B3F000CE9A8 /* Sources */,
				EF52562929826B3F000CE9A8 /* Frameworks */,
				EF52562A29826B3F000CE9A8 /* Resources */,
			);
			buildRules = (
			);
			dependencies = (
				EF52562E29826B3F000CE9A8 /* PBXTargetDependency */,
			);
			name = MusicPlayerTests;
			productName = MusicPlayerTests;
			productReference = EF52562C29826B3F000CE9A8 /* MusicPlayerTests.xctest */;
			productType = "com.apple.product-type.bundle.unit-test";
		};
		EF52563529826B3F000CE9A8 /* MusicPlayerUITests */ = {
			isa = PBXNativeTarget;
			buildConfigurationList = EF52564629826B3F000CE9A8 /* Build configuration list for PBXNativeTarget "MusicPlayerUITests" */;
			buildPhases = (
				EF52563229826B3F000CE9A8 /* Sources */,
				EF52563329826B3F000CE9A8 /* Frameworks */,
				EF52563429826B3F000CE9A8 /* Resources */,
			);
			buildRules = (
			);
			dependencies = (
				EF52563829826B3F000CE9A8 /* PBXTargetDependency */,
			);
			name = MusicPlayerUITests;
			productName = MusicPlayerUITests;
			productReference = EF52563629826B3F000CE9A8 /* MusicPlayerUITests.xctest */;
			productType = "com.apple.product-type.bundle.ui-testing";
		};
/* End PBXNativeTarget section */

/* Begin PBXProject section */
		EF52560E29826B3D000CE9A8 /* Project object */ = {
			isa = PBXProject;
			attributes = {
				BuildIndependentTargetsInParallel = 1;
				LastSwiftUpdateCheck = 1340;
				LastUpgradeCheck = 1340;
				TargetAttributes = {
					EF52561529826B3D000CE9A8 = {
						CreatedOnToolsVersion = 13.4.1;
					};
					EF52562B29826B3F000CE9A8 = {
						CreatedOnToolsVersion = 13.4.1;
						TestTargetID = EF52561529826B3D000CE9A8;
					};
					EF52563529826B3F000CE9A8 = {
						CreatedOnToolsVersion = 13.4.1;
						TestTargetID = EF52561529826B3D000CE9A8;
					};
				};
			};
			buildConfigurationList = EF52561129826B3D000CE9A8 /* Build configuration list for PBXProject "MusicPlayer" */;
			compatibilityVersion = "Xcode 13.0";
			developmentRegion = en;
			hasScannedForEncodings = 0;
			knownRegions = (
				en,
				Base,
			);
			mainGroup = EF52560D29826B3D000CE9A8;
			productRefGroup = EF52561729826B3D000CE9A8 /* Products */;
			projectDirPath = "";
			projectRoot = "";
			targets = (
				EF52561529826B3D000CE9A8 /* MusicPlayer */,
				EF52562B29826B3F000CE9A8 /* MusicPlayerTests */,
				EF52563529826B3F000CE9A8 /* MusicPlayerUITests */,
			);
		};
/* End PBXProject section */

/* Begin PBXResourcesBuildPhase section */
		EF52561429826B3D000CE9A8 /* Resources */ = {
			isa = PBXResourcesBuildPhase;
			buildActionMask = 2147483647;
			files = (
				EF52562629826B3E000CE9A8 /* LaunchScreen.storyboard in Resources */,
				EF52562329826B3E000CE9A8 /* Assets.xcassets in Resources */,
				EF52562129826B3D000CE9A8 /* Main.storyboard in Resources */,
			);
			runOnlyForDeploymentPostprocessing = 0;
		};
		EF52562A29826B3F000CE9A8 /* Resources */ = {
			isa = PBXResourcesBuildPhase;
			buildActionMask = 2147483647;
			files = (
			);
			runOnlyForDeploymentPostprocessing = 0;
		};
		EF52563429826B3F000CE9A8 /* Resources */ = {
			isa = PBXResourcesBuildPhase;
			buildActionMask = 2147483647;
			files = (
			);
			runOnlyForDeploymentPostprocessing = 0;
		};
/* End PBXResourcesBuildPhase section */

/* Begin PBXSourcesBuildPhase section */
		EF52561229826B3D000CE9A8 /* Sources */ = {
			isa = PBXSourcesBuildPhase;
			buildActionMask = 2147483647;
			files = (
				EF52561E29826B3D000CE9A8 /* ViewController.swift in Sources */,
				EFB69C7A298E613D001E4442 /* PlayerViewController.swift in Sources */,
				EFB69C80298E6E9A001E4442 /* AudioService.swift in Sources */,
				EFB69C82298E81A2001E4442 /* ResumableTimer.swift in Sources */,
				EF52561A29826B3D000CE9A8 /* AppDelegate.swift in Sources */,
				EFB69C7E298E6284001E4442 /* UIView+Extension.swift in Sources */,
				EF52561C29826B3D000CE9A8 /* SceneDelegate.swift in Sources */,
			);
			runOnlyForDeploymentPostprocessing = 0;
		};
		EF52562829826B3F000CE9A8 /* Sources */ = {
			isa = PBXSourcesBuildPhase;
			buildActionMask = 2147483647;
			files = (
				EF52563129826B3F000CE9A8 /* MusicPlayerTests.swift in Sources */,
			);
			runOnlyForDeploymentPostprocessing = 0;
		};
		EF52563229826B3F000CE9A8 /* Sources */ = {
			isa = PBXSourcesBuildPhase;
			buildActionMask = 2147483647;
			files = (
				EF52563B29826B3F000CE9A8 /* MusicPlayerUITests.swift in Sources */,
				EF52563D29826B3F000CE9A8 /* MusicPlayerUITestsLaunchTests.swift in Sources */,
			);
			runOnlyForDeploymentPostprocessing = 0;
		};
/* End PBXSourcesBuildPhase section */

/* Begin PBXTargetDependency section */
		EF52562E29826B3F000CE9A8 /* PBXTargetDependency */ = {
			isa = PBXTargetDependency;
			target = EF52561529826B3D000CE9A8 /* MusicPlayer */;
			targetProxy = EF52562D29826B3F000CE9A8 /* PBXContainerItemProxy */;
		};
		EF52563829826B3F000CE9A8 /* PBXTargetDependency */ = {
			isa = PBXTargetDependency;
			target = EF52561529826B3D000CE9A8 /* MusicPlayer */;
			targetProxy = EF52563729826B3F000CE9A8 /* PBXContainerItemProxy */;
		};
/* End PBXTargetDependency section */

/* Begin PBXVariantGroup section */
		EF52561F29826B3D000CE9A8 /* Main.storyboard */ = {
			isa = PBXVariantGroup;
			children = (
				EF52562029826B3D000CE9A8 /* Base */,
			);
			name = Main.storyboard;
			sourceTree = "<group>";
		};
		EF52562429826B3E000CE9A8 /* LaunchScreen.storyboard */ = {
			isa = PBXVariantGroup;
			children = (
				EF52562529826B3E000CE9A8 /* Base */,
			);
			name = LaunchScreen.storyboard;
			sourceTree = "<group>";
		};
/* End PBXVariantGroup section */

/* Begin XCBuildConfiguration section */
		EF52563E29826B3F000CE9A8 /* Debug */ = {
			isa = XCBuildConfiguration;
			buildSettings = {
				ALWAYS_SEARCH_USER_PATHS = NO;
				CLANG_ANALYZER_NONNULL = YES;
				CLANG_ANALYZER_NUMBER_OBJECT_CONVERSION = YES_AGGRESSIVE;
				CLANG_CXX_LANGUAGE_STANDARD = "gnu++17";
				CLANG_ENABLE_MODULES = YES;
				CLANG_ENABLE_OBJC_ARC = YES;
				CLANG_ENABLE_OBJC_WEAK = YES;
				CLANG_WARN_BLOCK_CAPTURE_AUTORELEASING = YES;
				CLANG_WARN_BOOL_CONVERSION = YES;
				CLANG_WARN_COMMA = YES;
				CLANG_WARN_CONSTANT_CONVERSION = YES;
				CLANG_WARN_DEPRECATED_OBJC_IMPLEMENTATIONS = YES;
				CLANG_WARN_DIRECT_OBJC_ISA_USAGE = YES_ERROR;
				CLANG_WARN_DOCUMENTATION_COMMENTS = YES;
				CLANG_WARN_EMPTY_BODY = YES;
				CLANG_WARN_ENUM_CONVERSION = YES;
				CLANG_WARN_INFINITE_RECURSION = YES;
				CLANG_WARN_INT_CONVERSION = YES;
				CLANG_WARN_NON_LITERAL_NULL_CONVERSION = YES;
				CLANG_WARN_OBJC_IMPLICIT_RETAIN_SELF = YES;
				CLANG_WARN_OBJC_LITERAL_CONVERSION = YES;
				CLANG_WARN_OBJC_ROOT_CLASS = YES_ERROR;
				CLANG_WARN_QUOTED_INCLUDE_IN_FRAMEWORK_HEADER = YES;
				CLANG_WARN_RANGE_LOOP_ANALYSIS = YES;
				CLANG_WARN_STRICT_PROTOTYPES = YES;
				CLANG_WARN_SUSPICIOUS_MOVE = YES;
				CLANG_WARN_UNGUARDED_AVAILABILITY = YES_AGGRESSIVE;
				CLANG_WARN_UNREACHABLE_CODE = YES;
				CLANG_WARN__DUPLICATE_METHOD_MATCH = YES;
				COPY_PHASE_STRIP = NO;
				DEBUG_INFORMATION_FORMAT = dwarf;
				ENABLE_STRICT_OBJC_MSGSEND = YES;
				ENABLE_TESTABILITY = YES;
				GCC_C_LANGUAGE_STANDARD = gnu11;
				GCC_DYNAMIC_NO_PIC = NO;
				GCC_NO_COMMON_BLOCKS = YES;
				GCC_OPTIMIZATION_LEVEL = 0;
				GCC_PREPROCESSOR_DEFINITIONS = (
					"DEBUG=1",
					"$(inherited)",
				);
				GCC_WARN_64_TO_32_BIT_CONVERSION = YES;
				GCC_WARN_ABOUT_RETURN_TYPE = YES_ERROR;
				GCC_WARN_UNDECLARED_SELECTOR = YES;
				GCC_WARN_UNINITIALIZED_AUTOS = YES_AGGRESSIVE;
				GCC_WARN_UNUSED_FUNCTION = YES;
				GCC_WARN_UNUSED_VARIABLE = YES;
				IPHONEOS_DEPLOYMENT_TARGET = 15.5;
				MTL_ENABLE_DEBUG_INFO = INCLUDE_SOURCE;
				MTL_FAST_MATH = YES;
				ONLY_ACTIVE_ARCH = YES;
				SDKROOT = iphoneos;
				SWIFT_ACTIVE_COMPILATION_CONDITIONS = DEBUG;
				SWIFT_OPTIMIZATION_LEVEL = "-Onone";
			};
			name = Debug;
		};
		EF52563F29826B3F000CE9A8 /* Release */ = {
			isa = XCBuildConfiguration;
			buildSettings = {
				ALWAYS_SEARCH_USER_PATHS = NO;
				CLANG_ANALYZER_NONNULL = YES;
				CLANG_ANALYZER_NUMBER_OBJECT_CONVERSION = YES_AGGRESSIVE;
				CLANG_CXX_LANGUAGE_STANDARD = "gnu++17";
				CLANG_ENABLE_MODULES = YES;
				CLANG_ENABLE_OBJC_ARC = YES;
				CLANG_ENABLE_OBJC_WEAK = YES;
				CLANG_WARN_BLOCK_CAPTURE_AUTORELEASING = YES;
				CLANG_WARN_BOOL_CONVERSION = YES;
				CLANG_WARN_COMMA = YES;
				CLANG_WARN_CONSTANT_CONVERSION = YES;
				CLANG_WARN_DEPRECATED_OBJC_IMPLEMENTATIONS = YES;
				CLANG_WARN_DIRECT_OBJC_ISA_USAGE = YES_ERROR;
				CLANG_WARN_DOCUMENTATION_COMMENTS = YES;
				CLANG_WARN_EMPTY_BODY = YES;
				CLANG_WARN_ENUM_CONVERSION = YES;
				CLANG_WARN_INFINITE_RECURSION = YES;
				CLANG_WARN_INT_CONVERSION = YES;
				CLANG_WARN_NON_LITERAL_NULL_CONVERSION = YES;
				CLANG_WARN_OBJC_IMPLICIT_RETAIN_SELF = YES;
				CLANG_WARN_OBJC_LITERAL_CONVERSION = YES;
				CLANG_WARN_OBJC_ROOT_CLASS = YES_ERROR;
				CLANG_WARN_QUOTED_INCLUDE_IN_FRAMEWORK_HEADER = YES;
				CLANG_WARN_RANGE_LOOP_ANALYSIS = YES;
				CLANG_WARN_STRICT_PROTOTYPES = YES;
				CLANG_WARN_SUSPICIOUS_MOVE = YES;
				CLANG_WARN_UNGUARDED_AVAILABILITY = YES_AGGRESSIVE;
				CLANG_WARN_UNREACHABLE_CODE = YES;
				CLANG_WARN__DUPLICATE_METHOD_MATCH = YES;
				COPY_PHASE_STRIP = NO;
				DEBUG_INFORMATION_FORMAT = "dwarf-with-dsym";
				ENABLE_NS_ASSERTIONS = NO;
				ENABLE_STRICT_OBJC_MSGSEND = YES;
				GCC_C_LANGUAGE_STANDARD = gnu11;
				GCC_NO_COMMON_BLOCKS = YES;
				GCC_WARN_64_TO_32_BIT_CONVERSION = YES;
				GCC_WARN_ABOUT_RETURN_TYPE = YES_ERROR;
				GCC_WARN_UNDECLARED_SELECTOR = YES;
				GCC_WARN_UNINITIALIZED_AUTOS = YES_AGGRESSIVE;
				GCC_WARN_UNUSED_FUNCTION = YES;
				GCC_WARN_UNUSED_VARIABLE = YES;
				IPHONEOS_DEPLOYMENT_TARGET = 15.5;
				MTL_ENABLE_DEBUG_INFO = NO;
				MTL_FAST_MATH = YES;
				SDKROOT = iphoneos;
				SWIFT_COMPILATION_MODE = wholemodule;
				SWIFT_OPTIMIZATION_LEVEL = "-O";
				VALIDATE_PRODUCT = YES;
			};
			name = Release;
		};
		EF52564129826B3F000CE9A8 /* Debug */ = {
			isa = XCBuildConfiguration;
			buildSettings = {
				ASSETCATALOG_COMPILER_APPICON_NAME = AppIcon;
				ASSETCATALOG_COMPILER_GLOBAL_ACCENT_COLOR_NAME = AccentColor;
				CODE_SIGN_STYLE = Automatic;
				CURRENT_PROJECT_VERSION = 1;
				DEVELOPMENT_TEAM = P4D7F4WWXG;
				GENERATE_INFOPLIST_FILE = YES;
				INFOPLIST_FILE = MusicPlayer/Info.plist;
				INFOPLIST_KEY_UIApplicationSupportsIndirectInputEvents = YES;
				INFOPLIST_KEY_UILaunchStoryboardName = LaunchScreen;
				INFOPLIST_KEY_UIMainStoryboardFile = "";
				INFOPLIST_KEY_UISupportedInterfaceOrientations_iPad = "UIInterfaceOrientationPortrait UIInterfaceOrientationPortraitUpsideDown UIInterfaceOrientationLandscapeLeft UIInterfaceOrientationLandscapeRight";
				INFOPLIST_KEY_UISupportedInterfaceOrientations_iPhone = "UIInterfaceOrientationPortrait UIInterfaceOrientationLandscapeLeft UIInterfaceOrientationLandscapeRight";
				LD_RUNPATH_SEARCH_PATHS = (
					"$(inherited)",
					"@executable_path/Frameworks",
				);
				MARKETING_VERSION = 1.0;
				PRODUCT_BUNDLE_IDENTIFIER = naverboostcourse.MusicPlayer;
				PRODUCT_NAME = "$(TARGET_NAME)";
				SWIFT_EMIT_LOC_STRINGS = YES;
				SWIFT_VERSION = 5.0;
				TARGETED_DEVICE_FAMILY = "1,2";
			};
			name = Debug;
		};
		EF52564229826B3F000CE9A8 /* Release */ = {
			isa = XCBuildConfiguration;
			buildSettings = {
				ASSETCATALOG_COMPILER_APPICON_NAME = AppIcon;
				ASSETCATALOG_COMPILER_GLOBAL_ACCENT_COLOR_NAME = AccentColor;
				CODE_SIGN_STYLE = Automatic;
				CURRENT_PROJECT_VERSION = 1;
				DEVELOPMENT_TEAM = P4D7F4WWXG;
				GENERATE_INFOPLIST_FILE = YES;
				INFOPLIST_FILE = MusicPlayer/Info.plist;
				INFOPLIST_KEY_UIApplicationSupportsIndirectInputEvents = YES;
				INFOPLIST_KEY_UILaunchStoryboardName = LaunchScreen;
				INFOPLIST_KEY_UIMainStoryboardFile = "";
				INFOPLIST_KEY_UISupportedInterfaceOrientations_iPad = "UIInterfaceOrientationPortrait UIInterfaceOrientationPortraitUpsideDown UIInterfaceOrientationLandscapeLeft UIInterfaceOrientationLandscapeRight";
				INFOPLIST_KEY_UISupportedInterfaceOrientations_iPhone = "UIInterfaceOrientationPortrait UIInterfaceOrientationLandscapeLeft UIInterfaceOrientationLandscapeRight";
				LD_RUNPATH_SEARCH_PATHS = (
					"$(inherited)",
					"@executable_path/Frameworks",
				);
				MARKETING_VERSION = 1.0;
				PRODUCT_BUNDLE_IDENTIFIER = naverboostcourse.MusicPlayer;
				PRODUCT_NAME = "$(TARGET_NAME)";
				SWIFT_EMIT_LOC_STRINGS = YES;
				SWIFT_VERSION = 5.0;
				TARGETED_DEVICE_FAMILY = "1,2";
			};
			name = Release;
		};
		EF52564429826B3F000CE9A8 /* Debug */ = {
			isa = XCBuildConfiguration;
			buildSettings = {
				ALWAYS_EMBED_SWIFT_STANDARD_LIBRARIES = YES;
				BUNDLE_LOADER = "$(TEST_HOST)";
				CODE_SIGN_STYLE = Automatic;
				CURRENT_PROJECT_VERSION = 1;
				DEVELOPMENT_TEAM = P4D7F4WWXG;
				GENERATE_INFOPLIST_FILE = YES;
				IPHONEOS_DEPLOYMENT_TARGET = 15.5;
				MARKETING_VERSION = 1.0;
				PRODUCT_BUNDLE_IDENTIFIER = naverboostcourse.MusicPlayerTests;
				PRODUCT_NAME = "$(TARGET_NAME)";
				SWIFT_EMIT_LOC_STRINGS = NO;
				SWIFT_VERSION = 5.0;
				TARGETED_DEVICE_FAMILY = "1,2";
				TEST_HOST = "$(BUILT_PRODUCTS_DIR)/MusicPlayer.app/MusicPlayer";
			};
			name = Debug;
		};
		EF52564529826B3F000CE9A8 /* Release */ = {
			isa = XCBuildConfiguration;
			buildSettings = {
				ALWAYS_EMBED_SWIFT_STANDARD_LIBRARIES = YES;
				BUNDLE_LOADER = "$(TEST_HOST)";
				CODE_SIGN_STYLE = Automatic;
				CURRENT_PROJECT_VERSION = 1;
				DEVELOPMENT_TEAM = P4D7F4WWXG;
				GENERATE_INFOPLIST_FILE = YES;
				IPHONEOS_DEPLOYMENT_TARGET = 15.5;
				MARKETING_VERSION = 1.0;
				PRODUCT_BUNDLE_IDENTIFIER = naverboostcourse.MusicPlayerTests;
				PRODUCT_NAME = "$(TARGET_NAME)";
				SWIFT_EMIT_LOC_STRINGS = NO;
				SWIFT_VERSION = 5.0;
				TARGETED_DEVICE_FAMILY = "1,2";
				TEST_HOST = "$(BUILT_PRODUCTS_DIR)/MusicPlayer.app/MusicPlayer";
			};
			name = Release;
		};
		EF52564729826B3F000CE9A8 /* Debug */ = {
			isa = XCBuildConfiguration;
			buildSettings = {
				ALWAYS_EMBED_SWIFT_STANDARD_LIBRARIES = YES;
				CODE_SIGN_STYLE = Automatic;
				CURRENT_PROJECT_VERSION = 1;
				DEVELOPMENT_TEAM = P4D7F4WWXG;
				GENERATE_INFOPLIST_FILE = YES;
				MARKETING_VERSION = 1.0;
				PRODUCT_BUNDLE_IDENTIFIER = naverboostcourse.MusicPlayerUITests;
				PRODUCT_NAME = "$(TARGET_NAME)";
				SWIFT_EMIT_LOC_STRINGS = NO;
				SWIFT_VERSION = 5.0;
				TARGETED_DEVICE_FAMILY = "1,2";
				TEST_TARGET_NAME = MusicPlayer;
			};
			name = Debug;
		};
		EF52564829826B3F000CE9A8 /* Release */ = {
			isa = XCBuildConfiguration;
			buildSettings = {
				ALWAYS_EMBED_SWIFT_STANDARD_LIBRARIES = YES;
				CODE_SIGN_STYLE = Automatic;
				CURRENT_PROJECT_VERSION = 1;
				DEVELOPMENT_TEAM = P4D7F4WWXG;
				GENERATE_INFOPLIST_FILE = YES;
				MARKETING_VERSION = 1.0;
				PRODUCT_BUNDLE_IDENTIFIER = naverboostcourse.MusicPlayerUITests;
				PRODUCT_NAME = "$(TARGET_NAME)";
				SWIFT_EMIT_LOC_STRINGS = NO;
				SWIFT_VERSION = 5.0;
				TARGETED_DEVICE_FAMILY = "1,2";
				TEST_TARGET_NAME = MusicPlayer;
			};
			name = Release;
		};
/* End XCBuildConfiguration section */

/* Begin XCConfigurationList section */
		EF52561129826B3D000CE9A8 /* Build configuration list for PBXProject "MusicPlayer" */ = {
			isa = XCConfigurationList;
			buildConfigurations = (
				EF52563E29826B3F000CE9A8 /* Debug */,
				EF52563F29826B3F000CE9A8 /* Release */,
			);
			defaultConfigurationIsVisible = 0;
			defaultConfigurationName = Release;
		};
		EF52564029826B3F000CE9A8 /* Build configuration list for PBXNativeTarget "MusicPlayer" */ = {
			isa = XCConfigurationList;
			buildConfigurations = (
				EF52564129826B3F000CE9A8 /* Debug */,
				EF52564229826B3F000CE9A8 /* Release */,
			);
			defaultConfigurationIsVisible = 0;
			defaultConfigurationName = Release;
		};
		EF52564329826B3F000CE9A8 /* Build configuration list for PBXNativeTarget "MusicPlayerTests" */ = {
			isa = XCConfigurationList;
			buildConfigurations = (
				EF52564429826B3F000CE9A8 /* Debug */,
				EF52564529826B3F000CE9A8 /* Release */,
			);
			defaultConfigurationIsVisible = 0;
			defaultConfigurationName = Release;
		};
		EF52564629826B3F000CE9A8 /* Build configuration list for PBXNativeTarget "MusicPlayerUITests" */ = {
			isa = XCConfigurationList;
			buildConfigurations = (
				EF52564729826B3F000CE9A8 /* Debug */,
				EF52564829826B3F000CE9A8 /* Release */,
			);
			defaultConfigurationIsVisible = 0;
			defaultConfigurationName = Release;
		};
/* End XCConfigurationList section */
	};
	rootObject = EF52560E29826B3D000CE9A8 /* Project object */;
}
